
Microsoft Visual Studio Solution File, Format Version 12.00
# Visual Studio 15
VisualStudioVersion = 15.0.27004.2005
MinimumVisualStudioVersion = 10.0.40219.1
Project("{9A19103F-16F7-4668-BE54-9A1E7A4F7556}") = "TripleZero", "TripleZero\TripleZero.csproj", "{51B3D272-7116-40C8-BEB7-3574985D4A37}"
EndProject
Project("{9A19103F-16F7-4668-BE54-9A1E7A4F7556}") = "TripleZeroApi", "TripleZeroApi\TripleZeroApi.csproj", "{D144B3C1-FBED-4AE8-B3EA-EF53DF498BD8}"
EndProject
Project("{9A19103F-16F7-4668-BE54-9A1E7A4F7556}") = "SWGoH.Core.Net", "SWGoH.Core.Net\SWGoH.Core.Net.csproj", "{A027963F-DC09-439A-BAF2-C13BE96675EB}"
EndProject
Project("{9A19103F-16F7-4668-BE54-9A1E7A4F7556}") = "ConsoleSwGohParser.Core", "ConsoleSwGohParser.Core\ConsoleSwGohParser.Core.csproj", "{22EA07A2-E55A-44DD-9026-1EF8BBDBDB93}"
EndProject
Project("{9A19103F-16F7-4668-BE54-9A1E7A4F7556}") = "SWGoH.Model", "SWGoH.Model\SWGoH.Model.csproj", "{5322618E-EB8B-41E4-AFD6-7541C416880A}"
EndProject
Global
	GlobalSection(SolutionConfigurationPlatforms) = preSolution
		Debug|Any CPU = Debug|Any CPU
		Release|Any CPU = Release|Any CPU
	EndGlobalSection
	GlobalSection(ProjectConfigurationPlatforms) = postSolution
		{51B3D272-7116-40C8-BEB7-3574985D4A37}.Debug|Any CPU.ActiveCfg = Debug|Any CPU
		{51B3D272-7116-40C8-BEB7-3574985D4A37}.Debug|Any CPU.Build.0 = Debug|Any CPU
		{51B3D272-7116-40C8-BEB7-3574985D4A37}.Release|Any CPU.ActiveCfg = Release|Any CPU
		{51B3D272-7116-40C8-BEB7-3574985D4A37}.Release|Any CPU.Build.0 = Release|Any CPU
		{D144B3C1-FBED-4AE8-B3EA-EF53DF498BD8}.Debug|Any CPU.ActiveCfg = Debug|Any CPU
		{D144B3C1-FBED-4AE8-B3EA-EF53DF498BD8}.Debug|Any CPU.Build.0 = Debug|Any CPU
		{D144B3C1-FBED-4AE8-B3EA-EF53DF498BD8}.Release|Any CPU.ActiveCfg = Release|Any CPU
		{D144B3C1-FBED-4AE8-B3EA-EF53DF498BD8}.Release|Any CPU.Build.0 = Release|Any CPU
		{A027963F-DC09-439A-BAF2-C13BE96675EB}.Debug|Any CPU.ActiveCfg = Debug|Any CPU
		{A027963F-DC09-439A-BAF2-C13BE96675EB}.Debug|Any CPU.Build.0 = Debug|Any CPU
		{A027963F-DC09-439A-BAF2-C13BE96675EB}.Release|Any CPU.ActiveCfg = Release|Any CPU
		{A027963F-DC09-439A-BAF2-C13BE96675EB}.Release|Any CPU.Build.0 = Release|Any CPU
		{22EA07A2-E55A-44DD-9026-1EF8BBDBDB93}.Debug|Any CPU.ActiveCfg = Debug|Any CPU
		{22EA07A2-E55A-44DD-9026-1EF8BBDBDB93}.Debug|Any CPU.Build.0 = Debug|Any CPU
		{22EA07A2-E55A-44DD-9026-1EF8BBDBDB93}.Release|Any CPU.ActiveCfg = Release|Any CPU
		{22EA07A2-E55A-44DD-9026-1EF8BBDBDB93}.Release|Any CPU.Build.0 = Release|Any CPU
		{5322618E-EB8B-41E4-AFD6-7541C416880A}.Debug|Any CPU.ActiveCfg = Debug|Any CPU
		{5322618E-EB8B-41E4-AFD6-7541C416880A}.Debug|Any CPU.Build.0 = Debug|Any CPU
		{5322618E-EB8B-41E4-AFD6-7541C416880A}.Release|Any CPU.ActiveCfg = Release|Any CPU
		{5322618E-EB8B-41E4-AFD6-7541C416880A}.Release|Any CPU.Build.0 = Release|Any CPU
	EndGlobalSection
	GlobalSection(SolutionProperties) = preSolution
		HideSolutionNode = FALSE
	EndGlobalSection
	GlobalSection(ExtensibilityGlobals) = postSolution
		SolutionGuid = {BE37318B-8B15-49E3-A852-5D05A7F41E6E}
	EndGlobalSection
EndGlobal
